
Microsoft Visual Studio Solution File, Format Version 12.00
# Visual Studio Version 16
VisualStudioVersion = 16.0.810.19
MinimumVisualStudioVersion = 10.0.40219.1
Project("{FAE04EC0-301F-11D3-BF4B-00C04F79EFBC}") = "test1234azurefunctionsv3", "test1234azurefunctionsv3\test1234azurefunctionsv3.csproj", "{683CF583-281B-4602-95FA-B65D042B9447}"
EndProject
Global
	GlobalSection(SolutionConfigurationPlatforms) = preSolution
		Debug|Any CPU = Debug|Any CPU
		Release|Any CPU = Release|Any CPU
	EndGlobalSection
	GlobalSection(ProjectConfigurationPlatforms) = postSolution
		{683CF583-281B-4602-95FA-B65D042B9447}.Debug|Any CPU.ActiveCfg = Debug|Any CPU
		{683CF583-281B-4602-95FA-B65D042B9447}.Debug|Any CPU.Build.0 = Debug|Any CPU
		{683CF583-281B-4602-95FA-B65D042B9447}.Release|Any CPU.ActiveCfg = Release|Any CPU
		{683CF583-281B-4602-95FA-B65D042B9447}.Release|Any CPU.Build.0 = Release|Any CPU
	EndGlobalSection
	GlobalSection(SolutionProperties) = preSolution
		HideSolutionNode = FALSE
	EndGlobalSection
	GlobalSection(ExtensibilityGlobals) = postSolution
		SolutionGuid = {C266D454-AF74-4E37-A798-9D9B74EB543F}
	EndGlobalSection
EndGlobal
